
Microsoft Visual Studio Solution File, Format Version 12.00
# Visual Studio Version 17
VisualStudioVersion = 17.10.34916.146
MinimumVisualStudioVersion = 10.0.40219.1
Project("{9A19103F-16F7-4668-BE54-9A1E7A4F7556}") = "ViewProject", "WpfApp1\ViewProject.csproj", "{40BAF220-7EC2-4F84-AE4F-490EB258772B}"
EndProject
Project("{FAE04EC0-301F-11D3-BF4B-00C04F79EFBC}") = "ViewModelProject", "ViewModel\ViewModelProject.csproj", "{D44AC77F-2886-43B7-89A8-8218098DBAEB}"
EndProject
Global
	GlobalSection(SolutionConfigurationPlatforms) = preSolution
		Debug|Any CPU = Debug|Any CPU
		Release|Any CPU = Release|Any CPU
	EndGlobalSection
	GlobalSection(ProjectConfigurationPlatforms) = postSolution
		{40BAF220-7EC2-4F84-AE4F-490EB258772B}.Debug|Any CPU.ActiveCfg = Debug|Any CPU
		{40BAF220-7EC2-4F84-AE4F-490EB258772B}.Debug|Any CPU.Build.0 = Debug|Any CPU
		{40BAF220-7EC2-4F84-AE4F-490EB258772B}.Release|Any CPU.ActiveCfg = Release|Any CPU
		{40BAF220-7EC2-4F84-AE4F-490EB258772B}.Release|Any CPU.Build.0 = Release|Any CPU
		{D44AC77F-2886-43B7-89A8-8218098DBAEB}.Debug|Any CPU.ActiveCfg = Debug|Any CPU
		{D44AC77F-2886-43B7-89A8-8218098DBAEB}.Debug|Any CPU.Build.0 = Debug|Any CPU
		{D44AC77F-2886-43B7-89A8-8218098DBAEB}.Release|Any CPU.ActiveCfg = Release|Any CPU
		{D44AC77F-2886-43B7-89A8-8218098DBAEB}.Release|Any CPU.Build.0 = Release|Any CPU
	EndGlobalSection
	GlobalSection(SolutionProperties) = preSolution
		HideSolutionNode = FALSE
	EndGlobalSection
	GlobalSection(ExtensibilityGlobals) = postSolution
		SolutionGuid = {2DBD001E-C12F-45BE-B5D2-EE804C351EA9}
	EndGlobalSection
EndGlobal
